{
  "name": "defender-gmae",
  "version": "1.0.0",
  "lockfileVersion": 1,
  "requires": true,
  "dependencies": {
    "core-js": {
      "version": "3.6.5",
      "resolved": "https://registry.npmjs.org/core-js/-/core-js-3.6.5.tgz",
      "integrity": "sha512-vZVEEwZoIsI+vPEuoF9Iqf5H7/M3eeQqWlQnYa8FSKKePuYTf5MWnxb5SDAzCa60b3JBRS5g9b+Dq7b1y/RCrA==",
      "dev": true
    },
    "defender-game": {
      "version": "1.0.0",
      "resolved": "https://registry.npmjs.org/defender-game/-/defender-game-1.0.0.tgz",
      "integrity": "sha512-e3rB9E7fdzG3r2jdnwFB/AJJvubuD3U65zpMMrYsaT3IPzJVl6P9wQeSH1v2+zLicVf1fnxvk+rlY1JaEc88tQ==",
      "dev": true,
      "requires": {
        "core-js": "^3.6.4"
      }
    }
  }
}
